
Microsoft Visual Studio Solution File, Format Version 11.00
# Visual Studio 2010
Project("{FAE04EC0-301F-11D3-BF4B-00C04F79EFBC}") = "Assembly-CSharp-firstpass", "Assembly-CSharp-firstpass.csproj", "{81C43BAE-3EBD-F77F-B0A8-D539B77DF569}"
EndProject
Project("{FAE04EC0-301F-11D3-BF4B-00C04F79EFBC}") = "Assembly-CSharp", "Assembly-CSharp.csproj", "{557D0119-2812-67FE-754C-BF3E4956DB8E}"
EndProject
Global
	GlobalSection(SolutionConfigurationPlatforms) = preSolution
		Debug|Any CPU = Debug|Any CPU
		Release|Any CPU = Release|Any CPU
	EndGlobalSection
	GlobalSection(ProjectConfigurationPlatforms) = postSolution
		{81C43BAE-3EBD-F77F-B0A8-D539B77DF569}.Debug|Any CPU.ActiveCfg = Debug|Any CPU
		{81C43BAE-3EBD-F77F-B0A8-D539B77DF569}.Debug|Any CPU.Build.0 = Debug|Any CPU
		{81C43BAE-3EBD-F77F-B0A8-D539B77DF569}.Release|Any CPU.ActiveCfg = Release|Any CPU
		{81C43BAE-3EBD-F77F-B0A8-D539B77DF569}.Release|Any CPU.Build.0 = Release|Any CPU
		{557D0119-2812-67FE-754C-BF3E4956DB8E}.Debug|Any CPU.ActiveCfg = Debug|Any CPU
		{557D0119-2812-67FE-754C-BF3E4956DB8E}.Debug|Any CPU.Build.0 = Debug|Any CPU
		{557D0119-2812-67FE-754C-BF3E4956DB8E}.Release|Any CPU.ActiveCfg = Release|Any CPU
		{557D0119-2812-67FE-754C-BF3E4956DB8E}.Release|Any CPU.Build.0 = Release|Any CPU
	EndGlobalSection
	GlobalSection(SolutionProperties) = preSolution
		HideSolutionNode = FALSE
	EndGlobalSection
EndGlobal
